
Microsoft Visual Studio Solution File, Format Version 12.00
# Visual Studio 14
VisualStudioVersion = 14.0.25420.1
MinimumVisualStudioVersion = 10.0.40219.1
Project("{D954291E-2A0B-460D-934E-DC6B0785DB48}") = "WPCore.Shared", "src\WPCore\WPCore.Shared\WPCore.Shared.shproj", "{58FED005-FE6E-4D05-BE3A-5DA17D6BA904}"
EndProject
Project("{2150E333-8FDC-42A3-9474-1A3956D46DE8}") = "WPCore", "WPCore", "{C2CDB05F-E466-4C2E-BBF0-113F06409303}"
EndProject
Project("{FAE04EC0-301F-11D3-BF4B-00C04F79EFBC}") = "WPCore.WinRT", "src\WPCore\WPCore.WinRT\WPCore.WinRT.csproj", "{F79D2852-278B-4651-A448-36E341FD4922}"
EndProject
Project("{FAE04EC0-301F-11D3-BF4B-00C04F79EFBC}") = "WPCore.WP8", "src\WPCore\WPCore.WP8\WPCore.WP8.csproj", "{91DFA75E-AB5F-4EBB-9662-3A5B4D58C71B}"
EndProject
Project("{2150E333-8FDC-42A3-9474-1A3956D46DE8}") = "WPSocial", "WPSocial", "{A4E1C426-E839-48C0-892C-014E684E41AE}"
EndProject
Project("{D954291E-2A0B-460D-934E-DC6B0785DB48}") = "WPSocial.Shared", "src\WPSocial\WPSocial.Shared\WPSocial.Shared.shproj", "{F72D4F45-2A2B-4E1A-9DB6-25F16803A374}"
EndProject
Project("{FAE04EC0-301F-11D3-BF4B-00C04F79EFBC}") = "WPSocial.WinRT", "src\WPSocial\WPSocial.WinRT\WPSocial.WinRT.csproj", "{22345467-F3B9-47BC-B2E3-BB84FC412D5F}"
EndProject
Project("{FAE04EC0-301F-11D3-BF4B-00C04F79EFBC}") = "WPSocial.WP8", "src\WPSocial\WPSocial.WP8\WPSocial.WP8.csproj", "{952D83A6-7E7D-4E6F-B343-88AAC9826D95}"
EndProject
Project("{2150E333-8FDC-42A3-9474-1A3956D46DE8}") = "WPControls", "WPControls", "{C0AD7629-0737-42C0-903D-AAF951251690}"
EndProject
Project("{D954291E-2A0B-460D-934E-DC6B0785DB48}") = "WPControls.Shared", "src\WPControls\WPControls.Shared\WPControls.Shared.shproj", "{5BD84FF5-E340-4E42-9BB5-060F38E832CF}"
EndProject
Project("{FAE04EC0-301F-11D3-BF4B-00C04F79EFBC}") = "WPControls.WP8", "src\WPControls\WPControls.WP8\WPControls.WP8.csproj", "{E70F9D3A-A1AE-4F9B-9F4E-D9738FE90DAF}"
EndProject
Project("{FAE04EC0-301F-11D3-BF4B-00C04F79EFBC}") = "WPControls.WP81", "src\WPControls\WPControls.WP81\WPControls.WP81.csproj", "{77D4F760-C0B4-4E7E-8891-4FAF1944FC8B}"
EndProject
Project("{FAE04EC0-301F-11D3-BF4B-00C04F79EFBC}") = "WPControls.UWP", "src\WPControls\WPControls.UWP\WPControls.UWP.csproj", "{CEB9195F-CC0C-4F0E-BAF6-411CF2791CB7}"
EndProject
Global
	GlobalSection(SharedMSBuildProjectFiles) = preSolution
		src\WPSocial\WPSocial.Shared\WPSocial.Shared.projitems*{22345467-f3b9-47bc-b2e3-bb84fc412d5f}*SharedItemsImports = 4
		src\WPCore\WPCore.Shared\WPCore.Shared.projitems*{58fed005-fe6e-4d05-be3a-5da17d6ba904}*SharedItemsImports = 13
		src\WPControls\WPControls.Shared\WPControls.Shared.projitems*{5bd84ff5-e340-4e42-9bb5-060f38e832cf}*SharedItemsImports = 13
		src\WPControls\WPControls.Shared\WPControls.Shared.projitems*{77d4f760-c0b4-4e7e-8891-4faf1944fc8b}*SharedItemsImports = 4
		src\WPCore\WPCore.Shared\WPCore.Shared.projitems*{91dfa75e-ab5f-4ebb-9662-3a5b4d58c71b}*SharedItemsImports = 4
		src\WPSocial\WPSocial.Shared\WPSocial.Shared.projitems*{952d83a6-7e7d-4e6f-b343-88aac9826d95}*SharedItemsImports = 4
		src\WPControls\WPControls.Shared\WPControls.Shared.projitems*{e70f9d3a-a1ae-4f9b-9f4e-d9738fe90daf}*SharedItemsImports = 4
		src\WPSocial\WPSocial.Shared\WPSocial.Shared.projitems*{f72d4f45-2a2b-4e1a-9db6-25f16803a374}*SharedItemsImports = 13
		src\WPCore\WPCore.Shared\WPCore.Shared.projitems*{f79d2852-278b-4651-a448-36e341fd4922}*SharedItemsImports = 4
	EndGlobalSection
	GlobalSection(SolutionConfigurationPlatforms) = preSolution
		Debug|Any CPU = Debug|Any CPU
		Debug|ARM = Debug|ARM
		Debug|x64 = Debug|x64
		Debug|x86 = Debug|x86
		Release|Any CPU = Release|Any CPU
		Release|ARM = Release|ARM
		Release|x64 = Release|x64
		Release|x86 = Release|x86
	EndGlobalSection
	GlobalSection(ProjectConfigurationPlatforms) = postSolution
		{F79D2852-278B-4651-A448-36E341FD4922}.Debug|Any CPU.ActiveCfg = Debug|Any CPU
		{F79D2852-278B-4651-A448-36E341FD4922}.Debug|Any CPU.Build.0 = Debug|Any CPU
		{F79D2852-278B-4651-A448-36E341FD4922}.Debug|ARM.ActiveCfg = Debug|Any CPU
		{F79D2852-278B-4651-A448-36E341FD4922}.Debug|ARM.Build.0 = Debug|Any CPU
		{F79D2852-278B-4651-A448-36E341FD4922}.Debug|x64.ActiveCfg = Debug|Any CPU
		{F79D2852-278B-4651-A448-36E341FD4922}.Debug|x64.Build.0 = Debug|Any CPU
		{F79D2852-278B-4651-A448-36E341FD4922}.Debug|x86.ActiveCfg = Debug|Any CPU
		{F79D2852-278B-4651-A448-36E341FD4922}.Debug|x86.Build.0 = Debug|Any CPU
		{F79D2852-278B-4651-A448-36E341FD4922}.Release|Any CPU.ActiveCfg = Release|Any CPU
		{F79D2852-278B-4651-A448-36E341FD4922}.Release|Any CPU.Build.0 = Release|Any CPU
		{F79D2852-278B-4651-A448-36E341FD4922}.Release|ARM.ActiveCfg = Release|Any CPU
		{F79D2852-278B-4651-A448-36E341FD4922}.Release|ARM.Build.0 = Release|Any CPU
		{F79D2852-278B-4651-A448-36E341FD4922}.Release|x64.ActiveCfg = Release|Any CPU
		{F79D2852-278B-4651-A448-36E341FD4922}.Release|x64.Build.0 = Release|Any CPU
		{F79D2852-278B-4651-A448-36E341FD4922}.Release|x86.ActiveCfg = Release|Any CPU
		{F79D2852-278B-4651-A448-36E341FD4922}.Release|x86.Build.0 = Release|Any CPU
		{91DFA75E-AB5F-4EBB-9662-3A5B4D58C71B}.Debug|Any CPU.ActiveCfg = Debug|Any CPU
		{91DFA75E-AB5F-4EBB-9662-3A5B4D58C71B}.Debug|Any CPU.Build.0 = Debug|Any CPU
		{91DFA75E-AB5F-4EBB-9662-3A5B4D58C71B}.Debug|ARM.ActiveCfg = Debug|ARM
		{91DFA75E-AB5F-4EBB-9662-3A5B4D58C71B}.Debug|ARM.Build.0 = Debug|ARM
		{91DFA75E-AB5F-4EBB-9662-3A5B4D58C71B}.Debug|x64.ActiveCfg = Debug|Any CPU
		{91DFA75E-AB5F-4EBB-9662-3A5B4D58C71B}.Debug|x64.Build.0 = Debug|Any CPU
		{91DFA75E-AB5F-4EBB-9662-3A5B4D58C71B}.Debug|x86.ActiveCfg = Debug|x86
		{91DFA75E-AB5F-4EBB-9662-3A5B4D58C71B}.Debug|x86.Build.0 = Debug|x86
		{91DFA75E-AB5F-4EBB-9662-3A5B4D58C71B}.Release|Any CPU.ActiveCfg = Release|Any CPU
		{91DFA75E-AB5F-4EBB-9662-3A5B4D58C71B}.Release|Any CPU.Build.0 = Release|Any CPU
		{91DFA75E-AB5F-4EBB-9662-3A5B4D58C71B}.Release|ARM.ActiveCfg = Release|ARM
		{91DFA75E-AB5F-4EBB-9662-3A5B4D58C71B}.Release|ARM.Build.0 = Release|ARM
		{91DFA75E-AB5F-4EBB-9662-3A5B4D58C71B}.Release|x64.ActiveCfg = Release|Any CPU
		{91DFA75E-AB5F-4EBB-9662-3A5B4D58C71B}.Release|x64.Build.0 = Release|Any CPU
		{91DFA75E-AB5F-4EBB-9662-3A5B4D58C71B}.Release|x86.ActiveCfg = Release|x86
		{91DFA75E-AB5F-4EBB-9662-3A5B4D58C71B}.Release|x86.Build.0 = Release|x86
		{22345467-F3B9-47BC-B2E3-BB84FC412D5F}.Debug|Any CPU.ActiveCfg = Debug|Any CPU
		{22345467-F3B9-47BC-B2E3-BB84FC412D5F}.Debug|Any CPU.Build.0 = Debug|Any CPU
		{22345467-F3B9-47BC-B2E3-BB84FC412D5F}.Debug|ARM.ActiveCfg = Debug|Any CPU
		{22345467-F3B9-47BC-B2E3-BB84FC412D5F}.Debug|ARM.Build.0 = Debug|Any CPU
		{22345467-F3B9-47BC-B2E3-BB84FC412D5F}.Debug|x64.ActiveCfg = Debug|Any CPU
		{22345467-F3B9-47BC-B2E3-BB84FC412D5F}.Debug|x64.Build.0 = Debug|Any CPU
		{22345467-F3B9-47BC-B2E3-BB84FC412D5F}.Debug|x86.ActiveCfg = Debug|Any CPU
		{22345467-F3B9-47BC-B2E3-BB84FC412D5F}.Debug|x86.Build.0 = Debug|Any CPU
		{22345467-F3B9-47BC-B2E3-BB84FC412D5F}.Release|Any CPU.ActiveCfg = Release|Any CPU
		{22345467-F3B9-47BC-B2E3-BB84FC412D5F}.Release|Any CPU.Build.0 = Release|Any CPU
		{22345467-F3B9-47BC-B2E3-BB84FC412D5F}.Release|ARM.ActiveCfg = Release|Any CPU
		{22345467-F3B9-47BC-B2E3-BB84FC412D5F}.Release|ARM.Build.0 = Release|Any CPU
		{22345467-F3B9-47BC-B2E3-BB84FC412D5F}.Release|x64.ActiveCfg = Release|Any CPU
		{22345467-F3B9-47BC-B2E3-BB84FC412D5F}.Release|x64.Build.0 = Release|Any CPU
		{22345467-F3B9-47BC-B2E3-BB84FC412D5F}.Release|x86.ActiveCfg = Release|Any CPU
		{22345467-F3B9-47BC-B2E3-BB84FC412D5F}.Release|x86.Build.0 = Release|Any CPU
		{952D83A6-7E7D-4E6F-B343-88AAC9826D95}.Debug|Any CPU.ActiveCfg = Debug|Any CPU
		{952D83A6-7E7D-4E6F-B343-88AAC9826D95}.Debug|Any CPU.Build.0 = Debug|Any CPU
		{952D83A6-7E7D-4E6F-B343-88AAC9826D95}.Debug|ARM.ActiveCfg = Debug|ARM
		{952D83A6-7E7D-4E6F-B343-88AAC9826D95}.Debug|ARM.Build.0 = Debug|ARM
		{952D83A6-7E7D-4E6F-B343-88AAC9826D95}.Debug|x64.ActiveCfg = Debug|Any CPU
		{952D83A6-7E7D-4E6F-B343-88AAC9826D95}.Debug|x64.Build.0 = Debug|Any CPU
		{952D83A6-7E7D-4E6F-B343-88AAC9826D95}.Debug|x86.ActiveCfg = Debug|x86
		{952D83A6-7E7D-4E6F-B343-88AAC9826D95}.Debug|x86.Build.0 = Debug|x86
		{952D83A6-7E7D-4E6F-B343-88AAC9826D95}.Release|Any CPU.ActiveCfg = Release|Any CPU
		{952D83A6-7E7D-4E6F-B343-88AAC9826D95}.Release|Any CPU.Build.0 = Release|Any CPU
		{952D83A6-7E7D-4E6F-B343-88AAC9826D95}.Release|ARM.ActiveCfg = Release|ARM
		{952D83A6-7E7D-4E6F-B343-88AAC9826D95}.Release|ARM.Build.0 = Release|ARM
		{952D83A6-7E7D-4E6F-B343-88AAC9826D95}.Release|x64.ActiveCfg = Release|Any CPU
		{952D83A6-7E7D-4E6F-B343-88AAC9826D95}.Release|x64.Build.0 = Release|Any CPU
		{952D83A6-7E7D-4E6F-B343-88AAC9826D95}.Release|x86.ActiveCfg = Release|x86
		{952D83A6-7E7D-4E6F-B343-88AAC9826D95}.Release|x86.Build.0 = Release|x86
		{E70F9D3A-A1AE-4F9B-9F4E-D9738FE90DAF}.Debug|Any CPU.ActiveCfg = Debug|Any CPU
		{E70F9D3A-A1AE-4F9B-9F4E-D9738FE90DAF}.Debug|Any CPU.Build.0 = Debug|Any CPU
		{E70F9D3A-A1AE-4F9B-9F4E-D9738FE90DAF}.Debug|ARM.ActiveCfg = Debug|ARM
		{E70F9D3A-A1AE-4F9B-9F4E-D9738FE90DAF}.Debug|ARM.Build.0 = Debug|ARM
		{E70F9D3A-A1AE-4F9B-9F4E-D9738FE90DAF}.Debug|x64.ActiveCfg = Debug|Any CPU
		{E70F9D3A-A1AE-4F9B-9F4E-D9738FE90DAF}.Debug|x64.Build.0 = Debug|Any CPU
		{E70F9D3A-A1AE-4F9B-9F4E-D9738FE90DAF}.Debug|x86.ActiveCfg = Debug|x86
		{E70F9D3A-A1AE-4F9B-9F4E-D9738FE90DAF}.Debug|x86.Build.0 = Debug|x86
		{E70F9D3A-A1AE-4F9B-9F4E-D9738FE90DAF}.Release|Any CPU.ActiveCfg = Release|Any CPU
		{E70F9D3A-A1AE-4F9B-9F4E-D9738FE90DAF}.Release|Any CPU.Build.0 = Release|Any CPU
		{E70F9D3A-A1AE-4F9B-9F4E-D9738FE90DAF}.Release|ARM.ActiveCfg = Release|ARM
		{E70F9D3A-A1AE-4F9B-9F4E-D9738FE90DAF}.Release|ARM.Build.0 = Release|ARM
		{E70F9D3A-A1AE-4F9B-9F4E-D9738FE90DAF}.Release|x64.ActiveCfg = Release|Any CPU
		{E70F9D3A-A1AE-4F9B-9F4E-D9738FE90DAF}.Release|x64.Build.0 = Release|Any CPU
		{E70F9D3A-A1AE-4F9B-9F4E-D9738FE90DAF}.Release|x86.ActiveCfg = Release|x86
		{E70F9D3A-A1AE-4F9B-9F4E-D9738FE90DAF}.Release|x86.Build.0 = Release|x86
		{77D4F760-C0B4-4E7E-8891-4FAF1944FC8B}.Debug|Any CPU.ActiveCfg = Debug|Any CPU
		{77D4F760-C0B4-4E7E-8891-4FAF1944FC8B}.Debug|Any CPU.Build.0 = Debug|Any CPU
		{77D4F760-C0B4-4E7E-8891-4FAF1944FC8B}.Debug|ARM.ActiveCfg = Debug|ARM
		{77D4F760-C0B4-4E7E-8891-4FAF1944FC8B}.Debug|ARM.Build.0 = Debug|ARM
		{77D4F760-C0B4-4E7E-8891-4FAF1944FC8B}.Debug|x64.ActiveCfg = Debug|Any CPU
		{77D4F760-C0B4-4E7E-8891-4FAF1944FC8B}.Debug|x64.Build.0 = Debug|Any CPU
		{77D4F760-C0B4-4E7E-8891-4FAF1944FC8B}.Debug|x86.ActiveCfg = Debug|x86
		{77D4F760-C0B4-4E7E-8891-4FAF1944FC8B}.Debug|x86.Build.0 = Debug|x86
		{77D4F760-C0B4-4E7E-8891-4FAF1944FC8B}.Release|Any CPU.ActiveCfg = Release|Any CPU
		{77D4F760-C0B4-4E7E-8891-4FAF1944FC8B}.Release|Any CPU.Build.0 = Release|Any CPU
		{77D4F760-C0B4-4E7E-8891-4FAF1944FC8B}.Release|ARM.ActiveCfg = Release|ARM
		{77D4F760-C0B4-4E7E-8891-4FAF1944FC8B}.Release|ARM.Build.0 = Release|ARM
		{77D4F760-C0B4-4E7E-8891-4FAF1944FC8B}.Release|x64.ActiveCfg = Release|Any CPU
		{77D4F760-C0B4-4E7E-8891-4FAF1944FC8B}.Release|x64.Build.0 = Release|Any CPU
		{77D4F760-C0B4-4E7E-8891-4FAF1944FC8B}.Release|x86.ActiveCfg = Release|x86
		{77D4F760-C0B4-4E7E-8891-4FAF1944FC8B}.Release|x86.Build.0 = Release|x86
		{CEB9195F-CC0C-4F0E-BAF6-411CF2791CB7}.Debug|Any CPU.ActiveCfg = Debug|Any CPU
		{CEB9195F-CC0C-4F0E-BAF6-411CF2791CB7}.Debug|Any CPU.Build.0 = Debug|Any CPU
		{CEB9195F-CC0C-4F0E-BAF6-411CF2791CB7}.Debug|ARM.ActiveCfg = Debug|ARM
		{CEB9195F-CC0C-4F0E-BAF6-411CF2791CB7}.Debug|ARM.Build.0 = Debug|ARM
		{CEB9195F-CC0C-4F0E-BAF6-411CF2791CB7}.Debug|x64.ActiveCfg = Debug|x64
		{CEB9195F-CC0C-4F0E-BAF6-411CF2791CB7}.Debug|x64.Build.0 = Debug|x64
		{CEB9195F-CC0C-4F0E-BAF6-411CF2791CB7}.Debug|x86.ActiveCfg = Debug|x86
		{CEB9195F-CC0C-4F0E-BAF6-411CF2791CB7}.Debug|x86.Build.0 = Debug|x86
		{CEB9195F-CC0C-4F0E-BAF6-411CF2791CB7}.Release|Any CPU.ActiveCfg = Release|Any CPU
		{CEB9195F-CC0C-4F0E-BAF6-411CF2791CB7}.Release|Any CPU.Build.0 = Release|Any CPU
		{CEB9195F-CC0C-4F0E-BAF6-411CF2791CB7}.Release|ARM.ActiveCfg = Release|ARM
		{CEB9195F-CC0C-4F0E-BAF6-411CF2791CB7}.Release|ARM.Build.0 = Release|ARM
		{CEB9195F-CC0C-4F0E-BAF6-411CF2791CB7}.Release|x64.ActiveCfg = Release|x64
		{CEB9195F-CC0C-4F0E-BAF6-411CF2791CB7}.Release|x64.Build.0 = Release|x64
		{CEB9195F-CC0C-4F0E-BAF6-411CF2791CB7}.Release|x86.ActiveCfg = Release|x86
		{CEB9195F-CC0C-4F0E-BAF6-411CF2791CB7}.Release|x86.Build.0 = Release|x86
	EndGlobalSection
	GlobalSection(SolutionProperties) = preSolution
		HideSolutionNode = FALSE
	EndGlobalSection
	GlobalSection(NestedProjects) = preSolution
		{58FED005-FE6E-4D05-BE3A-5DA17D6BA904} = {C2CDB05F-E466-4C2E-BBF0-113F06409303}
		{F79D2852-278B-4651-A448-36E341FD4922} = {C2CDB05F-E466-4C2E-BBF0-113F06409303}
		{91DFA75E-AB5F-4EBB-9662-3A5B4D58C71B} = {C2CDB05F-E466-4C2E-BBF0-113F06409303}
		{F72D4F45-2A2B-4E1A-9DB6-25F16803A374} = {A4E1C426-E839-48C0-892C-014E684E41AE}
		{22345467-F3B9-47BC-B2E3-BB84FC412D5F} = {A4E1C426-E839-48C0-892C-014E684E41AE}
		{952D83A6-7E7D-4E6F-B343-88AAC9826D95} = {A4E1C426-E839-48C0-892C-014E684E41AE}
		{5BD84FF5-E340-4E42-9BB5-060F38E832CF} = {C0AD7629-0737-42C0-903D-AAF951251690}
		{E70F9D3A-A1AE-4F9B-9F4E-D9738FE90DAF} = {C0AD7629-0737-42C0-903D-AAF951251690}
		{77D4F760-C0B4-4E7E-8891-4FAF1944FC8B} = {C0AD7629-0737-42C0-903D-AAF951251690}
		{CEB9195F-CC0C-4F0E-BAF6-411CF2791CB7} = {C0AD7629-0737-42C0-903D-AAF951251690}
	EndGlobalSection
EndGlobal
